Microsoft Visual Studio Solution File, Format Version 12.00
# Visual Studio Version 17
VisualStudioVersion = 17.0.31903.59
MinimumVisualStudioVersion = 10.0.40219.1
Project("{FAE04EC0-301F-11D3-BF4B-00C04F79EFBC}") = "LLMMeter.Core", "src\LLMMeter.Core\LLMMeter.Core.csproj", "{B8A5A4F7-6A5A-4C09-9E25-6D878B0B7B31}"
EndProject
Project("{FAE04EC0-301F-11D3-BF4B-00C04F79EFBC}") = "LLMMeter.Core.Tests", "tests\LLMMeter.Core.Tests\LLMMeter.Core.Tests.csproj", "{C5A7AF2B-B021-4CD3-99E4-0FBF9E75C4B6}"
EndProject
Project("{FAE04EC0-301F-11D3-BF4B-00C04F79EFBC}") = "LLMMeter.App", "src\LLMMeter.App\LLMMeter.App.csproj", "{D81D0B07-98E3-4C5E-8CE3-3CEFB4BEA0F5}"
EndProject
Project("{FAE04EC0-301F-11D3-BF4B-00C04F79EFBC}") = "LLMMeter.WidgetProvider", "src\LLMMeter.WidgetProvider\LLMMeter.WidgetProvider.csproj", "{E5A3C7B0-B6B8-43E9-BE3F-40EEB89DBA1C}"
EndProject
Global
	GlobalSection(SolutionConfigurationPlatforms) = preSolution
		Debug|Any CPU = Debug|Any CPU
		Release|Any CPU = Release|Any CPU
	EndGlobalSection
	GlobalSection(ProjectConfigurationPlatforms) = postSolution
		{B8A5A4F7-6A5A-4C09-9E25-6D878B0B7B31}.Debug|Any CPU.ActiveCfg = Debug|Any CPU
		{B8A5A4F7-6A5A-4C09-9E25-6D878B0B7B31}.Debug|Any CPU.Build.0 = Debug|Any CPU
		{B8A5A4F7-6A5A-4C09-9E25-6D878B0B7B31}.Release|Any CPU.ActiveCfg = Release|Any CPU
		{B8A5A4F7-6A5A-4C09-9E25-6D878B0B7B31}.Release|Any CPU.Build.0 = Release|Any CPU
		{C5A7AF2B-B021-4CD3-99E4-0FBF9E75C4B6}.Debug|Any CPU.ActiveCfg = Debug|Any CPU
		{C5A7AF2B-B021-4CD3-99E4-0FBF9E75C4B6}.Debug|Any CPU.Build.0 = Debug|Any CPU
		{C5A7AF2B-B021-4CD3-99E4-0FBF9E75C4B6}.Release|Any CPU.ActiveCfg = Release|Any CPU
		{C5A7AF2B-B021-4CD3-99E4-0FBF9E75C4B6}.Release|Any CPU.Build.0 = Release|Any CPU
		{D81D0B07-98E3-4C5E-8CE3-3CEFB4BEA0F5}.Debug|Any CPU.ActiveCfg = Debug|x64
		{D81D0B07-98E3-4C5E-8CE3-3CEFB4BEA0F5}.Debug|Any CPU.Build.0 = Debug|x64
		{D81D0B07-98E3-4C5E-8CE3-3CEFB4BEA0F5}.Release|Any CPU.ActiveCfg = Release|x64
		{D81D0B07-98E3-4C5E-8CE3-3CEFB4BEA0F5}.Release|Any CPU.Build.0 = Release|x64
		{E5A3C7B0-B6B8-43E9-BE3F-40EEB89DBA1C}.Debug|Any CPU.ActiveCfg = Debug|x64
		{E5A3C7B0-B6B8-43E9-BE3F-40EEB89DBA1C}.Debug|Any CPU.Build.0 = Debug|x64
		{E5A3C7B0-B6B8-43E9-BE3F-40EEB89DBA1C}.Release|Any CPU.ActiveCfg = Release|x64
		{E5A3C7B0-B6B8-43E9-BE3F-40EEB89DBA1C}.Release|Any CPU.Build.0 = Release|x64
	EndGlobalSection
	GlobalSection(SolutionProperties) = preSolution
		HideSolutionNode = FALSE
	EndGlobalSection
EndGlobal
